// !$*UTF8*$!
{
	archiveVersion = 1;
	classes = {
	};
	objectVersion = 55;
	objects = {

/* Begin PBXBuildFile section */
		088F5AF42735310E00C0CAFA /* LogInViewController.swift in Sources */ = {isa = PBXBuildFile; fileRef = 088F5AF32735310E00C0CAFA /* LogInViewController.swift */; };
		08F757DF2734376600A06407 /* AppDelegate.swift in Sources */ = {isa = PBXBuildFile; fileRef = 08F757DE2734376600A06407 /* AppDelegate.swift */; };
		08F757E12734376600A06407 /* SceneDelegate.swift in Sources */ = {isa = PBXBuildFile; fileRef = 08F757E02734376600A06407 /* SceneDelegate.swift */; };
		08F757E32734376600A06407 /* ViewController.swift in Sources */ = {isa = PBXBuildFile; fileRef = 08F757E22734376600A06407 /* ViewController.swift */; };
		08F757E62734376600A06407 /* Main.storyboard in Resources */ = {isa = PBXBuildFile; fileRef = 08F757E42734376600A06407 /* Main.storyboard */; };
		08F757E82734376900A06407 /* Assets.xcassets in Resources */ = {isa = PBXBuildFile; fileRef = 08F757E72734376900A06407 /* Assets.xcassets */; };
		08F757EB2734376900A06407 /* LaunchScreen.storyboard in Resources */ = {isa = PBXBuildFile; fileRef = 08F757E92734376900A06407 /* LaunchScreen.storyboard */; };
		08F757F62734376900A06407 /* AppOneTests.swift in Sources */ = {isa = PBXBuildFile; fileRef = 08F757F52734376900A06407 /* AppOneTests.swift */; };
		08F758002734376900A06407 /* AppOneUITests.swift in Sources */ = {isa = PBXBuildFile; fileRef = 08F757FF2734376900A06407 /* AppOneUITests.swift */; };
		08F758022734376900A06407 /* AppOneUITestsLaunchTests.swift in Sources */ = {isa = PBXBuildFile; fileRef = 08F758012734376900A06407 /* AppOneUITestsLaunchTests.swift */; };
		08F7580F2734387A00A06407 /* HomeViewController.swift in Sources */ = {isa = PBXBuildFile; fileRef = 08F7580E2734387A00A06407 /* HomeViewController.swift */; };
		08F75811273440E500A06407 /* AnimalTableViewCell.swift in Sources */ = {isa = PBXBuildFile; fileRef = 08F75810273440E500A06407 /* AnimalTableViewCell.swift */; };
/* End PBXBuildFile section */

/* Begin PBXContainerItemProxy section */
		08F757F22734376900A06407 /* PBXContainerItemProxy */ = {
			isa = PBXContainerItemProxy;
			containerPortal = 08F757D32734376600A06407 /* Project object */;
			proxyType = 1;
			remoteGlobalIDString = 08F757DA2734376600A06407;
			remoteInfo = AppOne;
		};
		08F757FC2734376900A06407 /* PBXContainerItemProxy */ = {
			isa = PBXContainerItemProxy;
			containerPortal = 08F757D32734376600A06407 /* Project object */;
			proxyType = 1;
			remoteGlobalIDString = 08F757DA2734376600A06407;
			remoteInfo = AppOne;
		};
/* End PBXContainerItemProxy section */

/* Begin PBXFileReference section */
		088F5AF32735310E00C0CAFA /* LogInViewController.swift */ = {isa = PBXFileReference; lastKnownFileType = sourcecode.swift; path = LogInViewController.swift; sourceTree = "<group>"; };
		08F757DB2734376600A06407 /* AppOne.app */ = {isa = PBXFileReference; explicitFileType = wrapper.application; includeInIndex = 0; path = AppOne.app; sourceTree = BUILT_PRODUCTS_DIR; };
		08F757DE2734376600A06407 /* AppDelegate.swift */ = {isa = PBXFileReference; lastKnownFileType = sourcecode.swift; path = AppDelegate.swift; sourceTree = "<group>"; };
		08F757E02734376600A06407 /* SceneDelegate.swift */ = {isa = PBXFileReference; lastKnownFileType = sourcecode.swift; path = SceneDelegate.swift; sourceTree = "<group>"; };
		08F757E22734376600A06407 /* ViewController.swift */ = {isa = PBXFileReference; lastKnownFileType = sourcecode.swift; path = ViewController.swift; sourceTree = "<group>"; };
		08F757E52734376600A06407 /* Base */ = {isa = PBXFileReference; lastKnownFileType = file.storyboard; name = Base; path = Base.lproj/Main.storyboard; sourceTree = "<group>"; };
		08F757E72734376900A06407 /* Assets.xcassets */ = {isa = PBXFileReference; lastKnownFileType = folder.assetcatalog; path = Assets.xcassets; sourceTree = "<group>"; };
		08F757EA2734376900A06407 /* Base */ = {isa = PBXFileReference; lastKnownFileType = file.storyboard; name = Base; path = Base.lproj/LaunchScreen.storyboard; sourceTree = "<group>"; };
		08F757EC2734376900A06407 /* Info.plist */ = {isa = PBXFileReference; lastKnownFileType = text.plist.xml; path = Info.plist; sourceTree = "<group>"; };
		08F757F12734376900A06407 /* AppOneTests.xctest */ = {isa = PBXFileReference; explicitFileType = wrapper.cfbundle; includeInIndex = 0; path = AppOneTests.xctest; sourceTree = BUILT_PRODUCTS_DIR; };
		08F757F52734376900A06407 /* AppOneTests.swift */ = {isa = PBXFileReference; lastKnownFileType = sourcecode.swift; path = AppOneTests.swift; sourceTree = "<group>"; };
		08F757FB2734376900A06407 /* AppOneUITests.xctest */ = {isa = PBXFileReference; explicitFileType = wrapper.cfbundle; includeInIndex = 0; path = AppOneUITests.xctest; sourceTree = BUILT_PRODUCTS_DIR; };
		08F757FF2734376900A06407 /* AppOneUITests.swift */ = {isa = PBXFileReference; lastKnownFileType = sourcecode.swift; path = AppOneUITests.swift; sourceTree = "<group>"; };
		08F758012734376900A06407 /* AppOneUITestsLaunchTests.swift */ = {isa = PBXFileReference; lastKnownFileType = sourcecode.swift; path = AppOneUITestsLaunchTests.swift; sourceTree = "<group>"; };
		08F7580E2734387A00A06407 /* HomeViewController.swift */ = {isa = PBXFileReference; lastKnownFileType = sourcecode.swift; path = HomeViewController.swift; sourceTree = "<group>"; };
		08F75810273440E500A06407 /* AnimalTableViewCell.swift */ = {isa = PBXFileReference; lastKnownFileType = sourcecode.swift; path = AnimalTableViewCell.swift; sourceTree = "<group>"; };
/* End PBXFileReference section */

/* Begin PBXFrameworksBuildPhase section */
		08F757D82734376600A06407 /* Frameworks */ = {
			isa = PBXFrameworksBuildPhase;
			buildActionMask = 2147483647;
			files = (
			);
			runOnlyForDeploymentPostprocessing = 0;
		};
		08F757EE2734376900A06407 /* Frameworks */ = {
			isa = PBXFrameworksBuildPhase;
			buildActionMask = 2147483647;
			files = (
			);
			runOnlyForDeploymentPostprocessing = 0;
		};
		08F757F82734376900A06407 /* Frameworks */ = {
			isa = PBXFrameworksBuildPhase;
			buildActionMask = 2147483647;
			files = (
			);
			runOnlyForDeploymentPostprocessing = 0;
		};
/* End PBXFrameworksBuildPhase section */

/* Begin PBXGroup section */
		08F757D22734376600A06407 = {
			isa = PBXGroup;
			children = (
				08F757DD2734376600A06407 /* AppOne */,
				08F757F42734376900A06407 /* AppOneTests */,
				08F757FE2734376900A06407 /* AppOneUITests */,
				08F757DC2734376600A06407 /* Products */,
			);
			sourceTree = "<group>";
		};
		08F757DC2734376600A06407 /* Products */ = {
			isa = PBXGroup;
			children = (
				08F757DB2734376600A06407 /* AppOne.app */,
				08F757F12734376900A06407 /* AppOneTests.xctest */,
				08F757FB2734376900A06407 /* AppOneUITests.xctest */,
			);
			name = Products;
			sourceTree = "<group>";
		};
		08F757DD2734376600A06407 /* AppOne */ = {
			isa = PBXGroup;
			children = (
				08F757DE2734376600A06407 /* AppDelegate.swift */,
				08F757E02734376600A06407 /* SceneDelegate.swift */,
				08F757E22734376600A06407 /* ViewController.swift */,
				08F757E42734376600A06407 /* Main.storyboard */,
				08F757E72734376900A06407 /* Assets.xcassets */,
				08F757E92734376900A06407 /* LaunchScreen.storyboard */,
				08F757EC2734376900A06407 /* Info.plist */,
				08F7580E2734387A00A06407 /* HomeViewController.swift */,
				08F75810273440E500A06407 /* AnimalTableViewCell.swift */,
				088F5AF32735310E00C0CAFA /* LogInViewController.swift */,
			);
			path = AppOne;
			sourceTree = "<group>";
		};
		08F757F42734376900A06407 /* AppOneTests */ = {
			isa = PBXGroup;
			children = (
				08F757F52734376900A06407 /* AppOneTests.swift */,
			);
			path = AppOneTests;
			sourceTree = "<group>";
		};
		08F757FE2734376900A06407 /* AppOneUITests */ = {
			isa = PBXGroup;
			children = (
				08F757FF2734376900A06407 /* AppOneUITests.swift */,
				08F758012734376900A06407 /* AppOneUITestsLaunchTests.swift */,
			);
			path = AppOneUITests;
			sourceTree = "<group>";
		};
/* End PBXGroup section */

/* Begin PBXNativeTarget section */
		08F757DA2734376600A06407 /* AppOne */ = {
			isa = PBXNativeTarget;
			buildConfigurationList = 08F758052734376900A06407 /* Build configuration list for PBXNativeTarget "AppOne" */;
			buildPhases = (
				08F757D72734376600A06407 /* Sources */,
				08F757D82734376600A06407 /* Frameworks */,
				08F757D92734376600A06407 /* Resources */,
			);
			buildRules = (
			);
			dependencies = (
			);
			name = AppOne;
			productName = AppOne;
			productReference = 08F757DB2734376600A06407 /* AppOne.app */;
			productType = "com.apple.product-type.application";
		};
		08F757F02734376900A06407 /* AppOneTests */ = {
			isa = PBXNativeTarget;
			buildConfigurationList = 08F758082734376900A06407 /* Build configuration list for PBXNativeTarget "AppOneTests" */;
			buildPhases = (
				08F757ED2734376900A06407 /* Sources */,
				08F757EE2734376900A06407 /* Frameworks */,
				08F757EF2734376900A06407 /* Resources */,
			);
			buildRules = (
			);
			dependencies = (
				08F757F32734376900A06407 /* PBXTargetDependency */,
			);
			name = AppOneTests;
			productName = AppOneTests;
			productReference = 08F757F12734376900A06407 /* AppOneTests.xctest */;
			productType = "com.apple.product-type.bundle.unit-test";
		};
		08F757FA2734376900A06407 /* AppOneUITests */ = {
			isa = PBXNativeTarget;
			buildConfigurationList = 08F7580B2734376900A06407 /* Build configuration list for PBXNativeTarget "AppOneUITests" */;
			buildPhases = (
				08F757F72734376900A06407 /* Sources */,
				08F757F82734376900A06407 /* Frameworks */,
				08F757F92734376900A06407 /* Resources */,
			);
			buildRules = (
			);
			dependencies = (
				08F757FD2734376900A06407 /* PBXTargetDependency */,
			);
			name = AppOneUITests;
			productName = AppOneUITests;
			productReference = 08F757FB2734376900A06407 /* AppOneUITests.xctest */;
			productType = "com.apple.product-type.bundle.ui-testing";
		};
/* End PBXNativeTarget section */

/* Begin PBXProject section */
		08F757D32734376600A06407 /* Project object */ = {
			isa = PBXProject;
			attributes = {
				BuildIndependentTargetsInParallel = 1;
				LastSwiftUpdateCheck = 1310;
				LastUpgradeCheck = 1310;
				TargetAttributes = {
					08F757DA2734376600A06407 = {
						CreatedOnToolsVersion = 13.1;
					};
					08F757F02734376900A06407 = {
						CreatedOnToolsVersion = 13.1;
						TestTargetID = 08F757DA2734376600A06407;
					};
					08F757FA2734376900A06407 = {
						CreatedOnToolsVersion = 13.1;
						TestTargetID = 08F757DA2734376600A06407;
					};
				};
			};
			buildConfigurationList = 08F757D62734376600A06407 /* Build configuration list for PBXProject "AppOne" */;
			compatibilityVersion = "Xcode 13.0";
			developmentRegion = en;
			hasScannedForEncodings = 0;
			knownRegions = (
				en,
				Base,
			);
			mainGroup = 08F757D22734376600A06407;
			productRefGroup = 08F757DC2734376600A06407 /* Products */;
			projectDirPath = "";
			projectRoot = "";
			targets = (
				08F757DA2734376600A06407 /* AppOne */,
				08F757F02734376900A06407 /* AppOneTests */,
				08F757FA2734376900A06407 /* AppOneUITests */,
			);
		};
/* End PBXProject section */

/* Begin PBXResourcesBuildPhase section */
		08F757D92734376600A06407 /* Resources */ = {
			isa = PBXResourcesBuildPhase;
			buildActionMask = 2147483647;
			files = (
				08F757EB2734376900A06407 /* LaunchScreen.storyboard in Resources */,
				08F757E82734376900A06407 /* Assets.xcassets in Resources */,
				08F757E62734376600A06407 /* Main.storyboard in Resources */,
			);
			runOnlyForDeploymentPostprocessing = 0;
		};
		08F757EF2734376900A06407 /* Resources */ = {
			isa = PBXResourcesBuildPhase;
			buildActionMask = 2147483647;
			files = (
			);
			runOnlyForDeploymentPostprocessing = 0;
		};
		08F757F92734376900A06407 /* Resources */ = {
			isa = PBXResourcesBuildPhase;
			buildActionMask = 2147483647;
			files = (
			);
			runOnlyForDeploymentPostprocessing = 0;
		};
/* End PBXResourcesBuildPhase section */

/* Begin PBXSourcesBuildPhase section */
		08F757D72734376600A06407 /* Sources */ = {
			isa = PBXSourcesBuildPhase;
			buildActionMask = 2147483647;
			files = (
				08F757E32734376600A06407 /* ViewController.swift in Sources */,
				08F757DF2734376600A06407 /* AppDelegate.swift in Sources */,
				088F5AF42735310E00C0CAFA /* LogInViewController.swift in Sources */,
				08F757E12734376600A06407 /* SceneDelegate.swift in Sources */,
				08F75811273440E500A06407 /* AnimalTableViewCell.swift in Sources */,
				08F7580F2734387A00A06407 /* HomeViewController.swift in Sources */,
			);
			runOnlyForDeploymentPostprocessing = 0;
		};
		08F757ED2734376900A06407 /* Sources */ = {
			isa = PBXSourcesBuildPhase;
			buildActionMask = 2147483647;
			files = (
				08F757F62734376900A06407 /* AppOneTests.swift in Sources */,
			);
			runOnlyForDeploymentPostprocessing = 0;
		};
		08F757F72734376900A06407 /* Sources */ = {
			isa = PBXSourcesBuildPhase;
			buildActionMask = 2147483647;
			files = (
				08F758002734376900A06407 /* AppOneUITests.swift in Sources */,
				08F758022734376900A06407 /* AppOneUITestsLaunchTests.swift in Sources */,
			);
			runOnlyForDeploymentPostprocessing = 0;
		};
/* End PBXSourcesBuildPhase section */

/* Begin PBXTargetDependency section */
		08F757F32734376900A06407 /* PBXTargetDependency */ = {
			isa = PBXTargetDependency;
			target = 08F757DA2734376600A06407 /* AppOne */;
			targetProxy = 08F757F22734376900A06407 /* PBXContainerItemProxy */;
		};
		08F757FD2734376900A06407 /* PBXTargetDependency */ = {
			isa = PBXTargetDependency;
			target = 08F757DA2734376600A06407 /* AppOne */;
			targetProxy = 08F757FC2734376900A06407 /* PBXContainerItemProxy */;
		};
/* End PBXTargetDependency section */

/* Begin PBXVariantGroup section */
		08F757E42734376600A06407 /* Main.storyboard */ = {
			isa = PBXVariantGroup;
			children = (
				08F757E52734376600A06407 /* Base */,
			);
			name = Main.storyboard;
			sourceTree = "<group>";
		};
		08F757E92734376900A06407 /* LaunchScreen.storyboard */ = {
			isa = PBXVariantGroup;
			children = (
				08F757EA2734376900A06407 /* Base */,
			);
			name = LaunchScreen.storyboard;
			sourceTree = "<group>";
		};
/* End PBXVariantGroup section */

/* Begin XCBuildConfiguration section */
		08F758032734376900A06407 /* Debug */ = {
			isa = XCBuildConfiguration;
			buildSettings = {
				ALWAYS_SEARCH_USER_PATHS = NO;
				CLANG_ANALYZER_NONNULL = YES;
				CLANG_ANALYZER_NUMBER_OBJECT_CONVERSION = YES_AGGRESSIVE;
				CLANG_CXX_LANGUAGE_STANDARD = "gnu++17";
				CLANG_CXX_LIBRARY = "libc++";
				CLANG_ENABLE_MODULES = YES;
				CLANG_ENABLE_OBJC_ARC = YES;
				CLANG_ENABLE_OBJC_WEAK = YES;
				CLANG_WARN_BLOCK_CAPTURE_AUTORELEASING = YES;
				CLANG_WARN_BOOL_CONVERSION = YES;
				CLANG_WARN_COMMA = YES;
				CLANG_WARN_CONSTANT_CONVERSION = YES;
				CLANG_WARN_DEPRECATED_OBJC_IMPLEMENTATIONS = YES;
				CLANG_WARN_DIRECT_OBJC_ISA_USAGE = YES_ERROR;
				CLANG_WARN_DOCUMENTATION_COMMENTS = YES;
				CLANG_WARN_EMPTY_BODY = YES;
				CLANG_WARN_ENUM_CONVERSION = YES;
				CLANG_WARN_INFINITE_RECURSION = YES;
				CLANG_WARN_INT_CONVERSION = YES;
				CLANG_WARN_NON_LITERAL_NULL_CONVERSION = YES;
				CLANG_WARN_OBJC_IMPLICIT_RETAIN_SELF = YES;
				CLANG_WARN_OBJC_LITERAL_CONVERSION = YES;
				CLANG_WARN_OBJC_ROOT_CLASS = YES_ERROR;
				CLANG_WARN_QUOTED_INCLUDE_IN_FRAMEWORK_HEADER = YES;
				CLANG_WARN_RANGE_LOOP_ANALYSIS = YES;
				CLANG_WARN_STRICT_PROTOTYPES = YES;
				CLANG_WARN_SUSPICIOUS_MOVE = YES;
				CLANG_WARN_UNGUARDED_AVAILABILITY = YES_AGGRESSIVE;
				CLANG_WARN_UNREACHABLE_CODE = YES;
				CLANG_WARN__DUPLICATE_METHOD_MATCH = YES;
				COPY_PHASE_STRIP = NO;
				DEBUG_INFORMATION_FORMAT = dwarf;
				ENABLE_STRICT_OBJC_MSGSEND = YES;
				ENABLE_TESTABILITY = YES;
				GCC_C_LANGUAGE_STANDARD = gnu11;
				GCC_DYNAMIC_NO_PIC = NO;
				GCC_NO_COMMON_BLOCKS = YES;
				GCC_OPTIMIZATION_LEVEL = 0;
				GCC_PREPROCESSOR_DEFINITIONS = (
					"DEBUG=1",
					"$(inherited)",
				);
				GCC_WARN_64_TO_32_BIT_CONVERSION = YES;
				GCC_WARN_ABOUT_RETURN_TYPE = YES_ERROR;
				GCC_WARN_UNDECLARED_SELECTOR = YES;
				GCC_WARN_UNINITIALIZED_AUTOS = YES_AGGRESSIVE;
				GCC_WARN_UNUSED_FUNCTION = YES;
				GCC_WARN_UNUSED_VARIABLE = YES;
				IPHONEOS_DEPLOYMENT_TARGET = 15.0;
				MTL_ENABLE_DEBUG_INFO = INCLUDE_SOURCE;
				MTL_FAST_MATH = YES;
				ONLY_ACTIVE_ARCH = YES;
				SDKROOT = iphoneos;
				SWIFT_ACTIVE_COMPILATION_CONDITIONS = DEBUG;
				SWIFT_OPTIMIZATION_LEVEL = "-Onone";
			};
			name = Debug;
		};
		08F758042734376900A06407 /* Release */ = {
			isa = XCBuildConfiguration;
			buildSettings = {
				ALWAYS_SEARCH_USER_PATHS = NO;
				CLANG_ANALYZER_NONNULL = YES;
				CLANG_ANALYZER_NUMBER_OBJECT_CONVERSION = YES_AGGRESSIVE;
				CLANG_CXX_LANGUAGE_STANDARD = "gnu++17";
				CLANG_CXX_LIBRARY = "libc++";
				CLANG_ENABLE_MODULES = YES;
				CLANG_ENABLE_OBJC_ARC = YES;
				CLANG_ENABLE_OBJC_WEAK = YES;
				CLANG_WARN_BLOCK_CAPTURE_AUTORELEASING = YES;
				CLANG_WARN_BOOL_CONVERSION = YES;
				CLANG_WARN_COMMA = YES;
				CLANG_WARN_CONSTANT_CONVERSION = YES;
				CLANG_WARN_DEPRECATED_OBJC_IMPLEMENTATIONS = YES;
				CLANG_WARN_DIRECT_OBJC_ISA_USAGE = YES_ERROR;
				CLANG_WARN_DOCUMENTATION_COMMENTS = YES;
				CLANG_WARN_EMPTY_BODY = YES;
				CLANG_WARN_ENUM_CONVERSION = YES;
				CLANG_WARN_INFINITE_RECURSION = YES;
				CLANG_WARN_INT_CONVERSION = YES;
				CLANG_WARN_NON_LITERAL_NULL_CONVERSION = YES;
				CLANG_WARN_OBJC_IMPLICIT_RETAIN_SELF = YES;
				CLANG_WARN_OBJC_LITERAL_CONVERSION = YES;
				CLANG_WARN_OBJC_ROOT_CLASS = YES_ERROR;
				CLANG_WARN_QUOTED_INCLUDE_IN_FRAMEWORK_HEADER = YES;
				CLANG_WARN_RANGE_LOOP_ANALYSIS = YES;
				CLANG_WARN_STRICT_PROTOTYPES = YES;
				CLANG_WARN_SUSPICIOUS_MOVE = YES;
				CLANG_WARN_UNGUARDED_AVAILABILITY = YES_AGGRESSIVE;
				CLANG_WARN_UNREACHABLE_CODE = YES;
				CLANG_WARN__DUPLICATE_METHOD_MATCH = YES;
				COPY_PHASE_STRIP = NO;
				DEBUG_INFORMATION_FORMAT = "dwarf-with-dsym";
				ENABLE_NS_ASSERTIONS = NO;
				ENABLE_STRICT_OBJC_MSGSEND = YES;
				GCC_C_LANGUAGE_STANDARD = gnu11;
				GCC_NO_COMMON_BLOCKS = YES;
				GCC_WARN_64_TO_32_BIT_CONVERSION = YES;
				GCC_WARN_ABOUT_RETURN_TYPE = YES_ERROR;
				GCC_WARN_UNDECLARED_SELECTOR = YES;
				GCC_WARN_UNINITIALIZED_AUTOS = YES_AGGRESSIVE;
				GCC_WARN_UNUSED_FUNCTION = YES;
				GCC_WARN_UNUSED_VARIABLE = YES;
				IPHONEOS_DEPLOYMENT_TARGET = 15.0;
				MTL_ENABLE_DEBUG_INFO = NO;
				MTL_FAST_MATH = YES;
				SDKROOT = iphoneos;
				SWIFT_COMPILATION_MODE = wholemodule;
				SWIFT_OPTIMIZATION_LEVEL = "-O";
				VALIDATE_PRODUCT = YES;
			};
			name = Release;
		};
		08F758062734376900A06407 /* Debug */ = {
			isa = XCBuildConfiguration;
			buildSettings = {
				ASSETCATALOG_COMPILER_APPICON_NAME = AppIcon;
				ASSETCATALOG_COMPILER_GLOBAL_ACCENT_COLOR_NAME = AccentColor;
				CODE_SIGN_STYLE = Automatic;
				CURRENT_PROJECT_VERSION = 1;
				DEVELOPMENT_TEAM = 74V987C9XK;
				GENERATE_INFOPLIST_FILE = YES;
				INFOPLIST_FILE = AppOne/Info.plist;
				INFOPLIST_KEY_UIApplicationSupportsIndirectInputEvents = YES;
				INFOPLIST_KEY_UILaunchStoryboardName = LaunchScreen;
				INFOPLIST_KEY_UIMainStoryboardFile = Main;
				INFOPLIST_KEY_UISupportedInterfaceOrientations = "UIInterfaceOrientationPortrait UIInterfaceOrientationPortraitUpsideDown UIInterfaceOrientationLandscapeLeft UIInterfaceOrientationLandscapeRight";
				INFOPLIST_KEY_UISupportedInterfaceOrientations_iPad = "UIInterfaceOrientationPortrait UIInterfaceOrientationPortraitUpsideDown UIInterfaceOrientationLandscapeLeft UIInterfaceOrientationLandscapeRight";
				INFOPLIST_KEY_UISupportedInterfaceOrientations_iPhone = "UIInterfaceOrientationPortrait UIInterfaceOrientationLandscapeLeft UIInterfaceOrientationLandscapeRight";
				LD_RUNPATH_SEARCH_PATHS = (
					"$(inherited)",
					"@executable_path/Frameworks",
				);
				MARKETING_VERSION = 1.0;
				PRODUCT_BUNDLE_IDENTIFIER = TAE.AppOne;
				PRODUCT_NAME = "$(TARGET_NAME)";
				SWIFT_EMIT_LOC_STRINGS = YES;
				SWIFT_VERSION = 5.0;
				TARGETED_DEVICE_FAMILY = "1,2";
			};
			name = Debug;
		};
		08F758072734376900A06407 /* Release */ = {
			isa = XCBuildConfiguration;
			buildSettings = {
				ASSETCATALOG_COMPILER_APPICON_NAME = AppIcon;
				ASSETCATALOG_COMPILER_GLOBAL_ACCENT_COLOR_NAME = AccentColor;
				CODE_SIGN_STYLE = Automatic;
				CURRENT_PROJECT_VERSION = 1;
				DEVELOPMENT_TEAM = 74V987C9XK;
				GENERATE_INFOPLIST_FILE = YES;
				INFOPLIST_FILE = AppOne/Info.plist;
				INFOPLIST_KEY_UIApplicationSupportsIndirectInputEvents = YES;
				INFOPLIST_KEY_UILaunchStoryboardName = LaunchScreen;
				INFOPLIST_KEY_UIMainStoryboardFile = Main;
				INFOPLIST_KEY_UISupportedInterfaceOrientations = "UIInterfaceOrientationPortrait UIInterfaceOrientationPortraitUpsideDown UIInterfaceOrientationLandscapeLeft UIInterfaceOrientationLandscapeRight";
				INFOPLIST_KEY_UISupportedInterfaceOrientations_iPad = "UIInterfaceOrientationPortrait UIInterfaceOrientationPortraitUpsideDown UIInterfaceOrientationLandscapeLeft UIInterfaceOrientationLandscapeRight";
				INFOPLIST_KEY_UISupportedInterfaceOrientations_iPhone = "UIInterfaceOrientationPortrait UIInterfaceOrientationLandscapeLeft UIInterfaceOrientationLandscapeRight";
				LD_RUNPATH_SEARCH_PATHS = (
					"$(inherited)",
					"@executable_path/Frameworks",
				);
				MARKETING_VERSION = 1.0;
				PRODUCT_BUNDLE_IDENTIFIER = TAE.AppOne;
				PRODUCT_NAME = "$(TARGET_NAME)";
				SWIFT_EMIT_LOC_STRINGS = YES;
				SWIFT_VERSION = 5.0;
				TARGETED_DEVICE_FAMILY = "1,2";
			};
			name = Release;
		};
		08F758092734376900A06407 /* Debug */ = {
			isa = XCBuildConfiguration;
			buildSettings = {
				ALWAYS_EMBED_SWIFT_STANDARD_LIBRARIES = YES;
				BUNDLE_LOADER = "$(TEST_HOST)";
				CODE_SIGN_STYLE = Automatic;
				CURRENT_PROJECT_VERSION = 1;
				DEVELOPMENT_TEAM = 74V987C9XK;
				GENERATE_INFOPLIST_FILE = YES;
				IPHONEOS_DEPLOYMENT_TARGET = 15.0;
				LD_RUNPATH_SEARCH_PATHS = (
					"$(inherited)",
					"@executable_path/Frameworks",
					"@loader_path/Frameworks",
				);
				MARKETING_VERSION = 1.0;
				PRODUCT_BUNDLE_IDENTIFIER = TAE.AppOneTests;
				PRODUCT_NAME = "$(TARGET_NAME)";
				SWIFT_EMIT_LOC_STRINGS = NO;
				SWIFT_VERSION = 5.0;
				TARGETED_DEVICE_FAMILY = "1,2";
				TEST_HOST = "$(BUILT_PRODUCTS_DIR)/AppOne.app/AppOne";
			};
			name = Debug;
		};
		08F7580A2734376900A06407 /* Release */ = {
			isa = XCBuildConfiguration;
			buildSettings = {
				ALWAYS_EMBED_SWIFT_STANDARD_LIBRARIES = YES;
				BUNDLE_LOADER = "$(TEST_HOST)";
				CODE_SIGN_STYLE = Automatic;
				CURRENT_PROJECT_VERSION = 1;
				DEVELOPMENT_TEAM = 74V987C9XK;
				GENERATE_INFOPLIST_FILE = YES;
				IPHONEOS_DEPLOYMENT_TARGET = 15.0;
				LD_RUNPATH_SEARCH_PATHS = (
					"$(inherited)",
					"@executable_path/Frameworks",
					"@loader_path/Frameworks",
				);
				MARKETING_VERSION = 1.0;
				PRODUCT_BUNDLE_IDENTIFIER = TAE.AppOneTests;
				PRODUCT_NAME = "$(TARGET_NAME)";
				SWIFT_EMIT_LOC_STRINGS = NO;
				SWIFT_VERSION = 5.0;
				TARGETED_DEVICE_FAMILY = "1,2";
				TEST_HOST = "$(BUILT_PRODUCTS_DIR)/AppOne.app/AppOne";
			};
			name = Release;
		};
		08F7580C2734376900A06407 /* Debug */ = {
			isa = XCBuildConfiguration;
			buildSettings = {
				ALWAYS_EMBED_SWIFT_STANDARD_LIBRARIES = YES;
				CODE_SIGN_STYLE = Automatic;
				CURRENT_PROJECT_VERSION = 1;
				DEVELOPMENT_TEAM = 74V987C9XK;
				GENERATE_INFOPLIST_FILE = YES;
				LD_RUNPATH_SEARCH_PATHS = (
					"$(inherited)",
					"@executable_path/Frameworks",
					"@loader_path/Frameworks",
				);
				MARKETING_VERSION = 1.0;
				PRODUCT_BUNDLE_IDENTIFIER = TAE.AppOneUITests;
				PRODUCT_NAME = "$(TARGET_NAME)";
				SWIFT_EMIT_LOC_STRINGS = NO;
				SWIFT_VERSION = 5.0;
				TARGETED_DEVICE_FAMILY = "1,2";
				TEST_TARGET_NAME = AppOne;
			};
			name = Debug;
		};
		08F7580D2734376900A06407 /* Release */ = {
			isa = XCBuildConfiguration;
			buildSettings = {
				ALWAYS_EMBED_SWIFT_STANDARD_LIBRARIES = YES;
				CODE_SIGN_STYLE = Automatic;
				CURRENT_PROJECT_VERSION = 1;
				DEVELOPMENT_TEAM = 74V987C9XK;
				GENERATE_INFOPLIST_FILE = YES;
				LD_RUNPATH_SEARCH_PATHS = (
					"$(inherited)",
					"@executable_path/Frameworks",
					"@loader_path/Frameworks",
				);
				MARKETING_VERSION = 1.0;
				PRODUCT_BUNDLE_IDENTIFIER = TAE.AppOneUITests;
				PRODUCT_NAME = "$(TARGET_NAME)";
				SWIFT_EMIT_LOC_STRINGS = NO;
				SWIFT_VERSION = 5.0;
				TARGETED_DEVICE_FAMILY = "1,2";
				TEST_TARGET_NAME = AppOne;
			};
			name = Release;
		};
/* End XCBuildConfiguration section */

/* Begin XCConfigurationList section */
		08F757D62734376600A06407 /* Build configuration list for PBXProject "AppOne" */ = {
			isa = XCConfigurationList;
			buildConfigurations = (
				08F758032734376900A06407 /* Debug */,
				08F758042734376900A06407 /* Release */,
			);
			defaultConfigurationIsVisible = 0;
			defaultConfigurationName = Release;
		};
		08F758052734376900A06407 /* Build configuration list for PBXNativeTarget "AppOne" */ = {
			isa = XCConfigurationList;
			buildConfigurations = (
				08F758062734376900A06407 /* Debug */,
				08F758072734376900A06407 /* Release */,
			);
			defaultConfigurationIsVisible = 0;
			defaultConfigurationName = Release;
		};
		08F758082734376900A06407 /* Build configuration list for PBXNativeTarget "AppOneTests" */ = {
			isa = XCConfigurationList;
			buildConfigurations = (
				08F758092734376900A06407 /* Debug */,
				08F7580A2734376900A06407 /* Release */,
			);
			defaultConfigurationIsVisible = 0;
			defaultConfigurationName = Release;
		};
		08F7580B2734376900A06407 /* Build configuration list for PBXNativeTarget "AppOneUITests" */ = {
			isa = XCConfigurationList;
			buildConfigurations = (
				08F7580C2734376900A06407 /* Debug */,
				08F7580D2734376900A06407 /* Release */,
			);
			defaultConfigurationIsVisible = 0;
			defaultConfigurationName = Release;
		};
/* End XCConfigurationList section */
	};
	rootObject = 08F757D32734376600A06407 /* Project object */;
}
